<?xml version="1.0" encoding="utf-8"?>
<Project ToolsVersion="4.0" xmlns="http://schemas.microsoft.com/developer/msbuild/2003">
  <ItemGroup>
    <ClCompile Include="Source\AudioManager.cpp">
      <Filter>Source Files\Audio</Filter>
    </ClCompile>
    <ClCompile Include="Source\Controller_Mouse.cpp">
      <Filter>Source Files\Input</Filter>
    </ClCompile>
    <ClCompile Include="Source\Controller_Keyboard.cpp">
      <Filter>Source Files\Input</Filter>
    </ClCompile>
    <ClCompile Include="Source\GraphicsManager.cpp">
      <Filter>Source Files\Graphics</Filter>
    </ClCompile>
    <ClCompile Include="Source\ShaderProgram.cpp">
      <Filter>Source Files\Graphics</Filter>
    </ClCompile>
    <ClCompile Include="Source\LoadHmap.cpp">
      <Filter>Source Files\Graphics</Filter>
    </ClCompile>
    <ClCompile Include="Source\LoadOBJ.cpp">
      <Filter>Source Files\Graphics</Filter>
    </ClCompile>
    <ClCompile Include="Source\LoadTGA.cpp">
      <Filter>Source Files\Graphics</Filter>
    </ClCompile>
    <ClCompile Include="Source\Mesh.cpp">
      <Filter>Source Files\Mesh</Filter>
    </ClCompile>
    <ClCompile Include="Source\MeshBuilder.cpp">
      <Filter>Source Files\Mesh</Filter>
    </ClCompile>
    <ClCompile Include="Source\RenderHelper.cpp">
      <Filter>Source Files\Graphics</Filter>
    </ClCompile>
    <ClCompile Include="Source\TextureManager.cpp">
      <Filter>Source Files\Texture</Filter>
    </ClCompile>
    <ClCompile Include="Source\SpriteAnimation.cpp">
      <Filter>Source Files\SpriteAnimation</Filter>
    </ClCompile>
    <ClCompile Include="Source\shader.cpp">
      <Filter>Source Files\Graphics</Filter>
    </ClCompile>
    <ClCompile Include="Source\Utility.cpp">
      <Filter>Source Files\Others</Filter>
    </ClCompile>
    <ClCompile Include="Source\InputManager.cpp">
      <Filter>Source Files\Input</Filter>
    </ClCompile>
    <ClCompile Include="Source\Controller_Gamepad.cpp">
      <Filter>Source Files\Input</Filter>
    </ClCompile>
    <ClCompile Include="Source\Animation.cpp">
      <Filter>Source Files\SpriteAnimation</Filter>
    </ClCompile>
    <ClCompile Include="Source\SceneManager.cpp">
      <Filter>Source Files\Scene</Filter>
    </ClCompile>
    <ClCompile Include="Source\Texture.cpp">
      <Filter>Source Files\Texture</Filter>
    </ClCompile>
    <ClCompile Include="Source\Transform.cpp">
      <Filter>Source Files\Component</Filter>
    </ClCompile>
    <ClCompile Include="Source\Camera.cpp">
      <Filter>Source Files\Component</Filter>
    </ClCompile>
    <ClCompile Include="Source\GameObjectManager.cpp">
      <Filter>Source Files\GameObject</Filter>
    </ClCompile>
    <ClCompile Include="Source\GraphicsUtility.cpp">
      <Filter>Source Files\Graphics</Filter>
    </ClCompile>
    <ClCompile Include="Source\PhongShader.cpp">
      <Filter>Source Files\Graphics\Shaders</Filter>
    </ClCompile>
    <ClCompile Include="Source\ComponentManager.cpp">
      <Filter>Source Files\Component</Filter>
    </ClCompile>
    <ClCompile Include="Source\Component.cpp">
      <Filter>Source Files\Component</Filter>
    </ClCompile>
    <ClCompile Include="Source\Application.cpp">
      <Filter>Source Files\Application</Filter>
    </ClCompile>
    <ClCompile Include="Source\main.cpp">
      <Filter>Source Files\Application</Filter>
    </ClCompile>
    <ClCompile Include="Source\SceneTest.cpp">
      <Filter>Source Files\Test</Filter>
    </ClCompile>
    <ClCompile Include="Source\RenderSystem.cpp">
      <Filter>Source Files\Systems</Filter>
    </ClCompile>
    <ClCompile Include="Source\CollisionSystem.cpp">
      <Filter>Source Files\Systems</Filter>
    </ClCompile>
    <ClCompile Include="Source\SphereCollider.cpp">
      <Filter>Source Files\Component\Collision</Filter>
    </ClCompile>
    <ClCompile Include="Source\Collider.cpp">
      <Filter>Source Files\Component\Collision</Filter>
    </ClCompile>
    <ClCompile Include="Source\PlayerControlScript.cpp">
      <Filter>Source Files\Scripts</Filter>
    </ClCompile>
    <ClCompile Include="Source\SceneGJ.cpp">
      <Filter>Source Files\GameJam</Filter>
    </ClCompile>
    <ClCompile Include="Source\SpriteRenderer.cpp">
      <Filter>Source Files\Component\Graphics</Filter>
    </ClCompile>
    <ClCompile Include="Source\BackgroundScript.cpp">
      <Filter>Source Files\Scripts</Filter>
    </ClCompile>
    <ClCompile Include="Source\B_KicKac_Script.cpp">
      <Filter>Source Files\Scripts\Bullet</Filter>
    </ClCompile>
    <ClCompile Include="Source\B_Banana_Script.cpp">
      <Filter>Source Files\Scripts\Bullet</Filter>
    </ClCompile>
    <ClCompile Include="Source\B_Cookie_Script.cpp">
      <Filter>Source Files\Scripts\Bullet</Filter>
    </ClCompile>
    <ClCompile Include="Source\B_Meatball_Script.cpp">
      <Filter>Source Files\Scripts\Bullet</Filter>
    </ClCompile>
    <ClCompile Include="Source\E_BowsirScript.cpp">
      <Filter>Source Files\Scripts\Enemy</Filter>
    </ClCompile>
    <ClCompile Include="Source\E_OctomanScript.cpp">
      <Filter>Source Files\Scripts\Enemy</Filter>
    </ClCompile>
  </ItemGroup>
  <ItemGroup>
    <ClInclude Include="Source\GraphicsManager.h">
      <Filter>Header Files\Graphics</Filter>
    </ClInclude>
    <ClInclude Include="Source\AudioManager.h">
      <Filter>Header Files\Audio</Filter>
    </ClInclude>
    <ClInclude Include="Source\RenderHelper.h">
      <Filter>Header Files\Graphics</Filter>
    </ClInclude>
    <ClInclude Include="Source\Controller_Keyboard.h">
      <Filter>Header Files\Input</Filter>
    </ClInclude>
    <ClInclude Include="Source\Controller_Mouse.h">
      <Filter>Header Files\Input</Filter>
    </ClInclude>
    <ClInclude Include="Source\InputManager.h">
      <Filter>Header Files\Input</Filter>
    </ClInclude>
    <ClInclude Include="Source\LoadOBJ.h">
      <Filter>Header Files\Graphics</Filter>
    </ClInclude>
    <ClInclude Include="Source\LoadHmap.h">
      <Filter>Header Files\Graphics</Filter>
    </ClInclude>
    <ClInclude Include="Source\LoadTGA.h">
      <Filter>Header Files\Graphics</Filter>
    </ClInclude>
    <ClInclude Include="Source\Animation.h">
      <Filter>Header Files\SpriteAnimation</Filter>
    </ClInclude>
    <ClInclude Include="Source\Mesh.h">
      <Filter>Header Files\Mesh</Filter>
    </ClInclude>
    <ClInclude Include="Source\MeshBuilder.h">
      <Filter>Header Files\Mesh</Filter>
    </ClInclude>
    <ClInclude Include="Source\Material.h">
      <Filter>Header Files\Mesh</Filter>
    </ClInclude>
    <ClInclude Include="Source\Vertex.h">
      <Filter>Header Files\Mesh</Filter>
    </ClInclude>
    <ClInclude Include="Source\SpriteAnimation.h">
      <Filter>Header Files\SpriteAnimation</Filter>
    </ClInclude>
    <ClInclude Include="Source\TextureManager.h">
      <Filter>Header Files\Texture</Filter>
    </ClInclude>
    <ClInclude Include="Source\Scene.h">
      <Filter>Header Files\Scene</Filter>
    </ClInclude>
    <ClInclude Include="Source\shader.hpp">
      <Filter>Header Files\Graphics</Filter>
    </ClInclude>
    <ClInclude Include="Source\Utility.h">
      <Filter>Header Files\Others</Filter>
    </ClInclude>
    <ClInclude Include="Source\ShaderProgram.h">
      <Filter>Header Files\Graphics</Filter>
    </ClInclude>
    <ClInclude Include="Source\Controller_Gamepad.h">
      <Filter>Header Files\Input</Filter>
    </ClInclude>
    <ClInclude Include="Source\SceneManager.h">
      <Filter>Header Files\Scene</Filter>
    </ClInclude>
    <ClInclude Include="Source\Component.h">
      <Filter>Header Files\Component</Filter>
    </ClInclude>
    <ClInclude Include="Source\Texture.h">
      <Filter>Header Files\Texture</Filter>
    </ClInclude>
    <ClInclude Include="Source\TextureList.h">
      <Filter>Header Files\Texture</Filter>
    </ClInclude>
    <ClInclude Include="Source\Typedef.h">
      <Filter>Header Files\Others</Filter>
    </ClInclude>
    <ClInclude Include="Source\SceneTest.h">
      <Filter>Header Files\Test</Filter>
    </ClInclude>
    <ClInclude Include="Source\Transform.h">
      <Filter>Header Files\Component</Filter>
    </ClInclude>
    <ClInclude Include="Source\Camera.h">
      <Filter>Header Files\Component</Filter>
    </ClInclude>
    <ClInclude Include="Source\Light.h">
      <Filter>Header Files\Component</Filter>
    </ClInclude>
    <ClInclude Include="Source\Rigidbody.h">
      <Filter>Header Files\Component</Filter>
    </ClInclude>
    <ClInclude Include="Source\GameObject.h">
      <Filter>Header Files\GameObject</Filter>
    </ClInclude>
    <ClInclude Include="Source\GameObjectManager.h">
      <Filter>Header Files\GameObject</Filter>
    </ClInclude>
    <ClInclude Include="Source\ComponentManager.h">
      <Filter>Header Files\Component</Filter>
    </ClInclude>
    <ClInclude Include="Source\GameObjectFactory.h">
      <Filter>Header Files\GameObject</Filter>
    </ClInclude>
    <ClInclude Include="Source\RenderSystem.h">
      <Filter>Header Files\Systems</Filter>
    </ClInclude>
    <ClInclude Include="Source\PhysicsSystem.h">
      <Filter>Header Files\Systems</Filter>
    </ClInclude>
    <ClInclude Include="Source\PhongShader.h">
      <Filter>Header Files\Graphics\Shaders</Filter>
    </ClInclude>
    <ClInclude Include="Source\GraphicsUtility.h">
      <Filter>Header Files\Graphics</Filter>
    </ClInclude>
    <ClInclude Include="Source\Script.h">
      <Filter>Header Files\Script</Filter>
    </ClInclude>
    <ClInclude Include="Source\Application.h">
      <Filter>Header Files\Application</Filter>
    </ClInclude>
    <ClInclude Include="Source\SceneEmpty.h">
      <Filter>Header Files\Test</Filter>
    </ClInclude>
    <ClInclude Include="Source\IDGenerator.h">
      <Filter>Header Files\Others</Filter>
    </ClInclude>
    <ClInclude Include="Source\CubeScript.h">
      <Filter>Header Files\Script</Filter>
    </ClInclude>
    <ClInclude Include="Source\CollisionSystem.h">
      <Filter>Header Files\Systems</Filter>
    </ClInclude>
    <ClInclude Include="Source\HealthComponent.h">
      <Filter>Header Files\Component\Custom</Filter>
    </ClInclude>
    <ClInclude Include="Source\LivesComponent.h">
      <Filter>Header Files\Component\Custom</Filter>
    </ClInclude>
    <ClInclude Include="Source\Collider.h">
      <Filter>Header Files\Component\Collision</Filter>
    </ClInclude>
    <ClInclude Include="Source\SphereCollider.h">
      <Filter>Header Files\Component\Collision</Filter>
    </ClInclude>
    <ClInclude Include="Source\BackgroundScript.h">
      <Filter>Header Files\Script</Filter>
    </ClInclude>
    <ClInclude Include="Source\PlayerControlScript.h">
      <Filter>Header Files\Script</Filter>
    </ClInclude>
    <ClInclude Include="Source\SceneGJ.h">
      <Filter>Header Files\GameJam</Filter>
    </ClInclude>
    <ClInclude Include="Source\MeshRenderer.h">
      <Filter>Header Files\Component\Graphics</Filter>
    </ClInclude>
    <ClInclude Include="Source\SpriteRenderer.h">
      <Filter>Header Files\Component\Graphics</Filter>
    </ClInclude>
    <ClInclude Include="Source\TextRenderer.h">
      <Filter>Header Files\Component\Graphics</Filter>
    </ClInclude>
    <ClInclude Include="Source\B_KicKac_Script.h">
      <Filter>Header Files\Script\Bullets</Filter>
    </ClInclude>
    <ClInclude Include="Source\B_Banana_Script.h">
      <Filter>Header Files\Script\Bullets</Filter>
    </ClInclude>
    <ClInclude Include="Source\B_Cookie_Script.h">
      <Filter>Header Files\Script\Bullets</Filter>
    </ClInclude>
    <ClInclude Include="Source\B_Meatball_Script.h">
      <Filter>Header Files\Script\Bullets</Filter>
    </ClInclude>
    <ClInclude Include="Source\E_BowsirScript.h">
      <Filter>Header Files\Script\Enemy</Filter>
    </ClInclude>
    <ClInclude Include="Source\E_OctomanScript.h">
      <Filter>Header Files\Script\Enemy</Filter>
    </ClInclude>
  </ItemGroup>
  <ItemGroup>
    <Filter Include="Header Files">
      <UniqueIdentifier>{58ec8d5d-76d5-4bae-8def-97f0108b8db7}</UniqueIdentifier>
    </Filter>
    <Filter Include="Source Files">
      <UniqueIdentifier>{4d08cfe9-f4ca-4c2c-a9f7-6005cae97e03}</UniqueIdentifier>
    </Filter>
    <Filter Include="Header Files\Graphics">
      <UniqueIdentifier>{1ece1264-3644-4e5f-b11c-88c8c795b16e}</UniqueIdentifier>
    </Filter>
    <Filter Include="Source Files\Graphics">
      <UniqueIdentifier>{275e1bc0-9426-48a3-8645-800d7bd1ccb0}</UniqueIdentifier>
    </Filter>
    <Filter Include="Header Files\Audio">
      <UniqueIdentifier>{dc40a86b-0a34-465f-b117-7eec0708f59f}</UniqueIdentifier>
    </Filter>
    <Filter Include="Source Files\Audio">
      <UniqueIdentifier>{016b3e95-0cb6-43a2-98ff-d38d562c7e59}</UniqueIdentifier>
    </Filter>
    <Filter Include="Header Files\SpriteAnimation">
      <UniqueIdentifier>{b8f3479b-300b-49d6-8ef6-0e132e345305}</UniqueIdentifier>
    </Filter>
    <Filter Include="Source Files\SpriteAnimation">
      <UniqueIdentifier>{2903984b-5578-4ef6-b3a0-12a6d8f851df}</UniqueIdentifier>
    </Filter>
    <Filter Include="Header Files\Others">
      <UniqueIdentifier>{63c02688-a8ac-4757-9b96-75f1b20d4767}</UniqueIdentifier>
    </Filter>
    <Filter Include="Source Files\Others">
      <UniqueIdentifier>{96ba6cee-ae67-48b3-bfc5-ac88620a16c0}</UniqueIdentifier>
    </Filter>
    <Filter Include="Header Files\Scene">
      <UniqueIdentifier>{abd1aa03-43c9-4b38-a516-c90d0bff6e83}</UniqueIdentifier>
    </Filter>
    <Filter Include="Header Files\Texture">
      <UniqueIdentifier>{02e80f52-fb51-4f50-9119-7a1155c63cad}</UniqueIdentifier>
    </Filter>
    <Filter Include="Header Files\Systems">
      <UniqueIdentifier>{e57160ba-ae31-412b-a9c8-3e7acb0f9ad2}</UniqueIdentifier>
    </Filter>
    <Filter Include="Source Files\Input">
      <UniqueIdentifier>{664cd4e5-7738-4b43-bf83-5743bbff58f5}</UniqueIdentifier>
    </Filter>
    <Filter Include="Header Files\Input">
      <UniqueIdentifier>{f3f6ba48-634b-4673-a140-723b24bdc1c5}</UniqueIdentifier>
    </Filter>
    <Filter Include="Header Files\Mesh">
      <UniqueIdentifier>{3ffd7100-0ab6-43c4-91f6-bf54be3317ad}</UniqueIdentifier>
    </Filter>
    <Filter Include="Source Files\Test">
      <UniqueIdentifier>{014a089d-33f8-4b70-8128-6e5935379ba4}</UniqueIdentifier>
    </Filter>
    <Filter Include="Header Files\Test">
      <UniqueIdentifier>{e886510d-257a-42da-8f8e-c15eccfdca98}</UniqueIdentifier>
    </Filter>
    <Filter Include="Source Files\Mesh">
      <UniqueIdentifier>{825a4534-62cc-4912-9c4b-92598af7c23d}</UniqueIdentifier>
    </Filter>
    <Filter Include="Header Files\GameObject">
      <UniqueIdentifier>{bd427273-2103-4505-b44d-1b6b8e35a64d}</UniqueIdentifier>
    </Filter>
    <Filter Include="Source Files\GameObject">
      <UniqueIdentifier>{5ad01aee-6b9e-49c6-b58b-914e9017f409}</UniqueIdentifier>
    </Filter>
    <Filter Include="Header Files\Graphics\Shaders">
      <UniqueIdentifier>{7851e0d6-5cc0-4ffe-b478-0e7e248ad61b}</UniqueIdentifier>
    </Filter>
    <Filter Include="Source Files\Graphics\Shaders">
      <UniqueIdentifier>{1ac3c15e-6205-4b9e-a372-db7436d34b6c}</UniqueIdentifier>
    </Filter>
    <Filter Include="Header Files\Script">
      <UniqueIdentifier>{c0232fd4-3352-4261-9b99-e82763e152d3}</UniqueIdentifier>
    </Filter>
    <Filter Include="Header Files\Component">
      <UniqueIdentifier>{022b604c-8ded-4a7d-9dfc-3ff7b3819027}</UniqueIdentifier>
    </Filter>
    <Filter Include="Source Files\Application">
      <UniqueIdentifier>{d7c57e84-e099-4e77-a4e4-d60f33f6d336}</UniqueIdentifier>
    </Filter>
    <Filter Include="Header Files\Application">
      <UniqueIdentifier>{8544d2f8-e8a5-44b5-a043-91d5cb8ed395}</UniqueIdentifier>
    </Filter>
    <Filter Include="Source Files\Texture">
      <UniqueIdentifier>{abf2717b-5eb9-4515-8ca3-f2f6af130b18}</UniqueIdentifier>
    </Filter>
    <Filter Include="Source Files\Systems">
      <UniqueIdentifier>{175e7cc8-e485-4eb0-b794-667b3592f3bf}</UniqueIdentifier>
    </Filter>
    <Filter Include="Header Files\Component\Custom">
      <UniqueIdentifier>{9bcdd8fb-7b59-4ca2-8ef5-b1585ccccd23}</UniqueIdentifier>
    </Filter>
    <Filter Include="Header Files\Component\Collision">
      <UniqueIdentifier>{0d993572-6cbe-45de-be21-44dfd5044dc1}</UniqueIdentifier>
    </Filter>
    <Filter Include="Header Files\GameJam">
      <UniqueIdentifier>{abc04086-6506-44ab-a901-13b4a9975820}</UniqueIdentifier>
    </Filter>
    <Filter Include="Header Files\Component\Graphics">
      <UniqueIdentifier>{8f8f7d7b-0d02-4418-be21-fafb1e4cbdec}</UniqueIdentifier>
    </Filter>
    <Filter Include="Header Files\Script\Bullets">
      <UniqueIdentifier>{08ecd432-0222-492c-8839-55e9cab5e09e}</UniqueIdentifier>
    </Filter>
    <Filter Include="Source Files\Component">
      <UniqueIdentifier>{f879f05b-76a0-4a35-bc88-c28cf6c8c68c}</UniqueIdentifier>
    </Filter>
    <Filter Include="Source Files\Component\Collision">
      <UniqueIdentifier>{046d8ed2-4f37-4738-af9e-54afffbdbe2b}</UniqueIdentifier>
    </Filter>
    <Filter Include="Source Files\Component\Graphics">
      <UniqueIdentifier>{ee5528e8-c054-4414-a3b4-755a8c357376}</UniqueIdentifier>
    </Filter>
    <Filter Include="Source Files\Scripts">
      <UniqueIdentifier>{af508437-b7ab-4d00-9b4b-36de72c021a8}</UniqueIdentifier>
    </Filter>
    <Filter Include="Source Files\Scripts\Bullet">
      <UniqueIdentifier>{f0c169e9-398f-4bc0-9fc2-6f1270cc0b3b}</UniqueIdentifier>
    </Filter>
    <Filter Include="Source Files\Scene">
      <UniqueIdentifier>{8020bce8-bbb6-4af1-b7c5-50ce94ae5721}</UniqueIdentifier>
    </Filter>
    <Filter Include="Header Files\Script\Enemy">
      <UniqueIdentifier>{aaf15e31-5cff-4eb3-a4eb-dd372bb82d1d}</UniqueIdentifier>
    </Filter>
    <Filter Include="Source Files\Scripts\Enemy">
      <UniqueIdentifier>{759f9c14-9f6d-4985-8934-a99006f35644}</UniqueIdentifier>
    </Filter>
    <Filter Include="Source Files\GameJam">
      <UniqueIdentifier>{c7b50783-ecf2-4598-8e30-baf5a911300b}</UniqueIdentifier>
    </Filter>
  </ItemGroup>
</Project>